
Microsoft Visual Studio Solution File, Format Version 12.00
# Visual Studio 2012
Project("{FAE04EC0-301F-11D3-BF4B-00C04F79EFBC}") = "SimpleFace", "SimpleFace\SimpleFace.csproj", "{C48681F0-DA62-49CC-8432-DA92E74F710D}"
EndProject
Global
	GlobalSection(SolutionConfigurationPlatforms) = preSolution
		Debug|Any CPU = Debug|Any CPU
		Release|Any CPU = Release|Any CPU
	EndGlobalSection
	GlobalSection(ProjectConfigurationPlatforms) = postSolution
		{C48681F0-DA62-49CC-8432-DA92E74F710D}.Debug|Any CPU.ActiveCfg = Debug|Any CPU
		{C48681F0-DA62-49CC-8432-DA92E74F710D}.Debug|Any CPU.Build.0 = Debug|Any CPU
		{C48681F0-DA62-49CC-8432-DA92E74F710D}.Debug|Any CPU.Deploy.0 = Debug|Any CPU
		{C48681F0-DA62-49CC-8432-DA92E74F710D}.Release|Any CPU.ActiveCfg = Release|Any CPU
		{C48681F0-DA62-49CC-8432-DA92E74F710D}.Release|Any CPU.Build.0 = Release|Any CPU
		{C48681F0-DA62-49CC-8432-DA92E74F710D}.Release|Any CPU.Deploy.0 = Release|Any CPU
	EndGlobalSection
	GlobalSection(SolutionProperties) = preSolution
		HideSolutionNode = FALSE
	EndGlobalSection
EndGlobal
